
Microsoft Visual Studio Solution File, Format Version 12.00
# Visual Studio 15
VisualStudioVersion = 15.0.28307.136
MinimumVisualStudioVersion = 10.0.40219.1
Project("{FAE04EC0-301F-11D3-BF4B-00C04F79EFBC}") = "Drill13b", "Drill13b\Drill13b.csproj", "{4464DB70-C7E6-46AD-B3D6-B3B4D5226C20}"
EndProject
Global
	GlobalSection(SolutionConfigurationPlatforms) = preSolution
		Debug|Any CPU = Debug|Any CPU
		Release|Any CPU = Release|Any CPU
	EndGlobalSection
	GlobalSection(ProjectConfigurationPlatforms) = postSolution
		{4464DB70-C7E6-46AD-B3D6-B3B4D5226C20}.Debug|Any CPU.ActiveCfg = Debug|Any CPU
		{4464DB70-C7E6-46AD-B3D6-B3B4D5226C20}.Debug|Any CPU.Build.0 = Debug|Any CPU
		{4464DB70-C7E6-46AD-B3D6-B3B4D5226C20}.Release|Any CPU.ActiveCfg = Release|Any CPU
		{4464DB70-C7E6-46AD-B3D6-B3B4D5226C20}.Release|Any CPU.Build.0 = Release|Any CPU
	EndGlobalSection
	GlobalSection(SolutionProperties) = preSolution
		HideSolutionNode = FALSE
	EndGlobalSection
	GlobalSection(ExtensibilityGlobals) = postSolution
		SolutionGuid = {332F9F19-45B5-4C21-9906-55C27BB59B7B}
	EndGlobalSection
EndGlobal
