
Microsoft Visual Studio Solution File, Format Version 12.00
# Visual Studio 15
VisualStudioVersion = 15.0.28307.136
MinimumVisualStudioVersion = 10.0.40219.1
Project("{FAE04EC0-301F-11D3-BF4B-00C04F79EFBC}") = "Drill15", "Drill15\Drill15.csproj", "{09307AEE-388E-4B0F-8A28-EA3FFB966126}"
EndProject
Global
	GlobalSection(SolutionConfigurationPlatforms) = preSolution
		Debug|Any CPU = Debug|Any CPU
		Release|Any CPU = Release|Any CPU
	EndGlobalSection
	GlobalSection(ProjectConfigurationPlatforms) = postSolution
		{09307AEE-388E-4B0F-8A28-EA3FFB966126}.Debug|Any CPU.ActiveCfg = Debug|Any CPU
		{09307AEE-388E-4B0F-8A28-EA3FFB966126}.Debug|Any CPU.Build.0 = Debug|Any CPU
		{09307AEE-388E-4B0F-8A28-EA3FFB966126}.Release|Any CPU.ActiveCfg = Release|Any CPU
		{09307AEE-388E-4B0F-8A28-EA3FFB966126}.Release|Any CPU.Build.0 = Release|Any CPU
	EndGlobalSection
	GlobalSection(SolutionProperties) = preSolution
		HideSolutionNode = FALSE
	EndGlobalSection
	GlobalSection(ExtensibilityGlobals) = postSolution
		SolutionGuid = {77628188-6A9B-4CF5-8926-9C30543A30EF}
	EndGlobalSection
EndGlobal
