
Microsoft Visual Studio Solution File, Format Version 12.00
# Visual Studio 15
VisualStudioVersion = 15.0.28307.136
MinimumVisualStudioVersion = 10.0.40219.1
Project("{FAE04EC0-301F-11D3-BF4B-00C04F79EFBC}") = "Drill23", "Drill23\Drill23.csproj", "{8C76EB18-55CA-4EDD-A1DA-1F3B9AF3BDB1}"
EndProject
Global
	GlobalSection(SolutionConfigurationPlatforms) = preSolution
		Debug|Any CPU = Debug|Any CPU
		Release|Any CPU = Release|Any CPU
	EndGlobalSection
	GlobalSection(ProjectConfigurationPlatforms) = postSolution
		{8C76EB18-55CA-4EDD-A1DA-1F3B9AF3BDB1}.Debug|Any CPU.ActiveCfg = Debug|Any CPU
		{8C76EB18-55CA-4EDD-A1DA-1F3B9AF3BDB1}.Debug|Any CPU.Build.0 = Debug|Any CPU
		{8C76EB18-55CA-4EDD-A1DA-1F3B9AF3BDB1}.Release|Any CPU.ActiveCfg = Release|Any CPU
		{8C76EB18-55CA-4EDD-A1DA-1F3B9AF3BDB1}.Release|Any CPU.Build.0 = Release|Any CPU
	EndGlobalSection
	GlobalSection(SolutionProperties) = preSolution
		HideSolutionNode = FALSE
	EndGlobalSection
	GlobalSection(ExtensibilityGlobals) = postSolution
		SolutionGuid = {647652E7-AE20-4776-9C3E-139139C9CB28}
	EndGlobalSection
EndGlobal
