
Microsoft Visual Studio Solution File, Format Version 12.00
# Visual Studio 15
VisualStudioVersion = 15.0.28307.136
MinimumVisualStudioVersion = 10.0.40219.1
Project("{FAE04EC0-301F-11D3-BF4B-00C04F79EFBC}") = "Drill16", "Drill16\Drill16.csproj", "{51601E34-0FC0-4A51-9484-1C922FDABB64}"
EndProject
Global
	GlobalSection(SolutionConfigurationPlatforms) = preSolution
		Debug|Any CPU = Debug|Any CPU
		Release|Any CPU = Release|Any CPU
	EndGlobalSection
	GlobalSection(ProjectConfigurationPlatforms) = postSolution
		{51601E34-0FC0-4A51-9484-1C922FDABB64}.Debug|Any CPU.ActiveCfg = Debug|Any CPU
		{51601E34-0FC0-4A51-9484-1C922FDABB64}.Debug|Any CPU.Build.0 = Debug|Any CPU
		{51601E34-0FC0-4A51-9484-1C922FDABB64}.Release|Any CPU.ActiveCfg = Release|Any CPU
		{51601E34-0FC0-4A51-9484-1C922FDABB64}.Release|Any CPU.Build.0 = Release|Any CPU
	EndGlobalSection
	GlobalSection(SolutionProperties) = preSolution
		HideSolutionNode = FALSE
	EndGlobalSection
	GlobalSection(ExtensibilityGlobals) = postSolution
		SolutionGuid = {EBEBA66C-046C-4C17-9489-5E59FC524D6F}
	EndGlobalSection
EndGlobal
