
Microsoft Visual Studio Solution File, Format Version 12.00
# Visual Studio 15
VisualStudioVersion = 15.0.28307.136
MinimumVisualStudioVersion = 10.0.40219.1
Project("{FAE04EC0-301F-11D3-BF4B-00C04F79EFBC}") = "Drill17", "Drill17\Drill17.csproj", "{D323FADC-31C5-4509-8847-2971BB6C3CA7}"
EndProject
Global
	GlobalSection(SolutionConfigurationPlatforms) = preSolution
		Debug|Any CPU = Debug|Any CPU
		Release|Any CPU = Release|Any CPU
	EndGlobalSection
	GlobalSection(ProjectConfigurationPlatforms) = postSolution
		{D323FADC-31C5-4509-8847-2971BB6C3CA7}.Debug|Any CPU.ActiveCfg = Debug|Any CPU
		{D323FADC-31C5-4509-8847-2971BB6C3CA7}.Debug|Any CPU.Build.0 = Debug|Any CPU
		{D323FADC-31C5-4509-8847-2971BB6C3CA7}.Release|Any CPU.ActiveCfg = Release|Any CPU
		{D323FADC-31C5-4509-8847-2971BB6C3CA7}.Release|Any CPU.Build.0 = Release|Any CPU
	EndGlobalSection
	GlobalSection(SolutionProperties) = preSolution
		HideSolutionNode = FALSE
	EndGlobalSection
	GlobalSection(ExtensibilityGlobals) = postSolution
		SolutionGuid = {FF02584A-AC2F-407B-8C66-A5D7BC9812B2}
	EndGlobalSection
EndGlobal
